{
  "name": "studio.shirokurohitsuji.unity-utilities",
  "version": "1.0.0",
  "lockfileVersion": 2,
  "requires": true,
  "packages": {
    "": {
      "name": "studio.shirokurohitsuji.unity-utilities",
      "version": "1.0.0",
      "license": "MIT",
      "dependencies": {
        "com.unity.nuget.newtonsoft-json": "latest"
      }
    },
    "node_modules/com.unity.nuget.newtonsoft-json": {
      "version": "0.0.1-security",
      "resolved": "https://registry.npmjs.org/com.unity.nuget.newtonsoft-json/-/com.unity.nuget.newtonsoft-json-0.0.1-security.tgz",
      "integrity": "sha512-se7QxjOwWzvbt9X7JRHsDkT/N5QF420G6iVqvabNhuv2ag1O7zW79ZNX6iGydKACyAqQPYdXGnKbCkJtHrgm9A=="
    }
  },
  "dependencies": {
    "com.unity.nuget.newtonsoft-json": {
      "version": "0.0.1-security",
      "resolved": "https://registry.npmjs.org/com.unity.nuget.newtonsoft-json/-/com.unity.nuget.newtonsoft-json-0.0.1-security.tgz",
      "integrity": "sha512-se7QxjOwWzvbt9X7JRHsDkT/N5QF420G6iVqvabNhuv2ag1O7zW79ZNX6iGydKACyAqQPYdXGnKbCkJtHrgm9A=="
    }
  }
}
